
Microsoft Visual Studio Solution File, Format Version 12.00
# Visual Studio Version 17
VisualStudioVersion = 17.2.32526.322
MinimumVisualStudioVersion = 10.0.40219.1
Project("{2150E333-8FDC-42A3-9474-1A3956D46DE8}") = "src", "src", "{E4C21AB4-9FD7-46FE-864A-1C23B879D9D7}"
EndProject
Project("{2150E333-8FDC-42A3-9474-1A3956D46DE8}") = "corePackages", "corePackages", "{03C8B17F-8550-4251-A3FC-BB3E7EFACC1E}"
EndProject
Project("{2150E333-8FDC-42A3-9474-1A3956D46DE8}") = "kodlamaIoDevs", "kodlamaIoDevs", "{9FAF8FFF-5E78-4DDB-BBC0-212388A0A0D1}"
EndProject
Project("{FAE04EC0-301F-11D3-BF4B-00C04F79EFBC}") = "Core.Application", "src\corePackages\Core.Application\Core.Application.csproj", "{CE2ECC62-35A7-4FC8-A378-379B71F5A129}"
EndProject
Project("{FAE04EC0-301F-11D3-BF4B-00C04F79EFBC}") = "Core.CrossCuttingConcerns", "src\corePackages\Core.CrossCuttingConcerns\Core.CrossCuttingConcerns.csproj", "{338965E1-7AD6-4F95-97C6-3F66510E4925}"
EndProject
Project("{FAE04EC0-301F-11D3-BF4B-00C04F79EFBC}") = "Core.ElasticSearch", "src\corePackages\Core.ElasticSearch\Core.ElasticSearch.csproj", "{02209542-49A2-42D3-9265-33AEC7EB7F36}"
EndProject
Project("{FAE04EC0-301F-11D3-BF4B-00C04F79EFBC}") = "Core.Mailing", "src\corePackages\Core.Mailing\Core.Mailing.csproj", "{FE3611A3-CB76-4A40-92DE-C7EA39E880EB}"
EndProject
Project("{FAE04EC0-301F-11D3-BF4B-00C04F79EFBC}") = "Core.Persistence", "src\corePackages\Core.Persistence\Core.Persistence.csproj", "{11CE9367-A6A5-47DC-BF64-95340FE9C8EC}"
EndProject
Project("{FAE04EC0-301F-11D3-BF4B-00C04F79EFBC}") = "Core.Security", "src\corePackages\Core.Security\Core.Security.csproj", "{3F7C8824-68D7-4B71-871B-2C1536E2D6A7}"
EndProject
Project("{FAE04EC0-301F-11D3-BF4B-00C04F79EFBC}") = "Application", "src\kodlamaIoDevs\Application\Application.csproj", "{1E9F0AB5-EA9F-450B-AF4F-8E06B117E44E}"
EndProject
Project("{FAE04EC0-301F-11D3-BF4B-00C04F79EFBC}") = "Domain", "src\kodlamaIoDevs\Domain\Domain.csproj", "{E4FF9915-A94D-4B1B-829E-F3926E7F81F9}"
EndProject
Project("{FAE04EC0-301F-11D3-BF4B-00C04F79EFBC}") = "Infrastructure", "src\kodlamaIoDevs\Infrastructure\Infrastructure.csproj", "{26EC6DE9-F3BD-444D-8E40-8BC3B543AD5A}"
EndProject
Project("{FAE04EC0-301F-11D3-BF4B-00C04F79EFBC}") = "Persistence", "src\kodlamaIoDevs\Persistence\Persistence.csproj", "{BFDDB624-7CA6-401F-8800-31FF1152AECE}"
EndProject
Project("{FAE04EC0-301F-11D3-BF4B-00C04F79EFBC}") = "WebAPI", "src\kodlamaIoDevs\WebAPI\WebAPI.csproj", "{7E722701-92D4-4D74-ABC2-DDA703037FB5}"
EndProject
Global
	GlobalSection(SolutionConfigurationPlatforms) = preSolution
		Debug|Any CPU = Debug|Any CPU
		Release|Any CPU = Release|Any CPU
	EndGlobalSection
	GlobalSection(ProjectConfigurationPlatforms) = postSolution
		{CE2ECC62-35A7-4FC8-A378-379B71F5A129}.Debug|Any CPU.ActiveCfg = Debug|Any CPU
		{CE2ECC62-35A7-4FC8-A378-379B71F5A129}.Debug|Any CPU.Build.0 = Debug|Any CPU
		{CE2ECC62-35A7-4FC8-A378-379B71F5A129}.Release|Any CPU.ActiveCfg = Release|Any CPU
		{CE2ECC62-35A7-4FC8-A378-379B71F5A129}.Release|Any CPU.Build.0 = Release|Any CPU
		{338965E1-7AD6-4F95-97C6-3F66510E4925}.Debug|Any CPU.ActiveCfg = Debug|Any CPU
		{338965E1-7AD6-4F95-97C6-3F66510E4925}.Debug|Any CPU.Build.0 = Debug|Any CPU
		{338965E1-7AD6-4F95-97C6-3F66510E4925}.Release|Any CPU.ActiveCfg = Release|Any CPU
		{338965E1-7AD6-4F95-97C6-3F66510E4925}.Release|Any CPU.Build.0 = Release|Any CPU
		{02209542-49A2-42D3-9265-33AEC7EB7F36}.Debug|Any CPU.ActiveCfg = Debug|Any CPU
		{02209542-49A2-42D3-9265-33AEC7EB7F36}.Debug|Any CPU.Build.0 = Debug|Any CPU
		{02209542-49A2-42D3-9265-33AEC7EB7F36}.Release|Any CPU.ActiveCfg = Release|Any CPU
		{02209542-49A2-42D3-9265-33AEC7EB7F36}.Release|Any CPU.Build.0 = Release|Any CPU
		{FE3611A3-CB76-4A40-92DE-C7EA39E880EB}.Debug|Any CPU.ActiveCfg = Debug|Any CPU
		{FE3611A3-CB76-4A40-92DE-C7EA39E880EB}.Debug|Any CPU.Build.0 = Debug|Any CPU
		{FE3611A3-CB76-4A40-92DE-C7EA39E880EB}.Release|Any CPU.ActiveCfg = Release|Any CPU
		{FE3611A3-CB76-4A40-92DE-C7EA39E880EB}.Release|Any CPU.Build.0 = Release|Any CPU
		{11CE9367-A6A5-47DC-BF64-95340FE9C8EC}.Debug|Any CPU.ActiveCfg = Debug|Any CPU
		{11CE9367-A6A5-47DC-BF64-95340FE9C8EC}.Debug|Any CPU.Build.0 = Debug|Any CPU
		{11CE9367-A6A5-47DC-BF64-95340FE9C8EC}.Release|Any CPU.ActiveCfg = Release|Any CPU
		{11CE9367-A6A5-47DC-BF64-95340FE9C8EC}.Release|Any CPU.Build.0 = Release|Any CPU
		{3F7C8824-68D7-4B71-871B-2C1536E2D6A7}.Debug|Any CPU.ActiveCfg = Debug|Any CPU
		{3F7C8824-68D7-4B71-871B-2C1536E2D6A7}.Debug|Any CPU.Build.0 = Debug|Any CPU
		{3F7C8824-68D7-4B71-871B-2C1536E2D6A7}.Release|Any CPU.ActiveCfg = Release|Any CPU
		{3F7C8824-68D7-4B71-871B-2C1536E2D6A7}.Release|Any CPU.Build.0 = Release|Any CPU
		{1E9F0AB5-EA9F-450B-AF4F-8E06B117E44E}.Debug|Any CPU.ActiveCfg = Debug|Any CPU
		{1E9F0AB5-EA9F-450B-AF4F-8E06B117E44E}.Debug|Any CPU.Build.0 = Debug|Any CPU
		{1E9F0AB5-EA9F-450B-AF4F-8E06B117E44E}.Release|Any CPU.ActiveCfg = Release|Any CPU
		{1E9F0AB5-EA9F-450B-AF4F-8E06B117E44E}.Release|Any CPU.Build.0 = Release|Any CPU
		{E4FF9915-A94D-4B1B-829E-F3926E7F81F9}.Debug|Any CPU.ActiveCfg = Debug|Any CPU
		{E4FF9915-A94D-4B1B-829E-F3926E7F81F9}.Debug|Any CPU.Build.0 = Debug|Any CPU
		{E4FF9915-A94D-4B1B-829E-F3926E7F81F9}.Release|Any CPU.ActiveCfg = Release|Any CPU
		{E4FF9915-A94D-4B1B-829E-F3926E7F81F9}.Release|Any CPU.Build.0 = Release|Any CPU
		{26EC6DE9-F3BD-444D-8E40-8BC3B543AD5A}.Debug|Any CPU.ActiveCfg = Debug|Any CPU
		{26EC6DE9-F3BD-444D-8E40-8BC3B543AD5A}.Debug|Any CPU.Build.0 = Debug|Any CPU
		{26EC6DE9-F3BD-444D-8E40-8BC3B543AD5A}.Release|Any CPU.ActiveCfg = Release|Any CPU
		{26EC6DE9-F3BD-444D-8E40-8BC3B543AD5A}.Release|Any CPU.Build.0 = Release|Any CPU
		{BFDDB624-7CA6-401F-8800-31FF1152AECE}.Debug|Any CPU.ActiveCfg = Debug|Any CPU
		{BFDDB624-7CA6-401F-8800-31FF1152AECE}.Debug|Any CPU.Build.0 = Debug|Any CPU
		{BFDDB624-7CA6-401F-8800-31FF1152AECE}.Release|Any CPU.ActiveCfg = Release|Any CPU
		{BFDDB624-7CA6-401F-8800-31FF1152AECE}.Release|Any CPU.Build.0 = Release|Any CPU
		{7E722701-92D4-4D74-ABC2-DDA703037FB5}.Debug|Any CPU.ActiveCfg = Debug|Any CPU
		{7E722701-92D4-4D74-ABC2-DDA703037FB5}.Debug|Any CPU.Build.0 = Debug|Any CPU
		{7E722701-92D4-4D74-ABC2-DDA703037FB5}.Release|Any CPU.ActiveCfg = Release|Any CPU
		{7E722701-92D4-4D74-ABC2-DDA703037FB5}.Release|Any CPU.Build.0 = Release|Any CPU
	EndGlobalSection
	GlobalSection(SolutionProperties) = preSolution
		HideSolutionNode = FALSE
	EndGlobalSection
	GlobalSection(NestedProjects) = preSolution
		{03C8B17F-8550-4251-A3FC-BB3E7EFACC1E} = {E4C21AB4-9FD7-46FE-864A-1C23B879D9D7}
		{9FAF8FFF-5E78-4DDB-BBC0-212388A0A0D1} = {E4C21AB4-9FD7-46FE-864A-1C23B879D9D7}
		{CE2ECC62-35A7-4FC8-A378-379B71F5A129} = {03C8B17F-8550-4251-A3FC-BB3E7EFACC1E}
		{338965E1-7AD6-4F95-97C6-3F66510E4925} = {03C8B17F-8550-4251-A3FC-BB3E7EFACC1E}
		{02209542-49A2-42D3-9265-33AEC7EB7F36} = {03C8B17F-8550-4251-A3FC-BB3E7EFACC1E}
		{FE3611A3-CB76-4A40-92DE-C7EA39E880EB} = {03C8B17F-8550-4251-A3FC-BB3E7EFACC1E}
		{11CE9367-A6A5-47DC-BF64-95340FE9C8EC} = {03C8B17F-8550-4251-A3FC-BB3E7EFACC1E}
		{3F7C8824-68D7-4B71-871B-2C1536E2D6A7} = {03C8B17F-8550-4251-A3FC-BB3E7EFACC1E}
		{1E9F0AB5-EA9F-450B-AF4F-8E06B117E44E} = {9FAF8FFF-5E78-4DDB-BBC0-212388A0A0D1}
		{E4FF9915-A94D-4B1B-829E-F3926E7F81F9} = {9FAF8FFF-5E78-4DDB-BBC0-212388A0A0D1}
		{26EC6DE9-F3BD-444D-8E40-8BC3B543AD5A} = {9FAF8FFF-5E78-4DDB-BBC0-212388A0A0D1}
		{BFDDB624-7CA6-401F-8800-31FF1152AECE} = {9FAF8FFF-5E78-4DDB-BBC0-212388A0A0D1}
		{7E722701-92D4-4D74-ABC2-DDA703037FB5} = {9FAF8FFF-5E78-4DDB-BBC0-212388A0A0D1}
	EndGlobalSection
	GlobalSection(ExtensibilityGlobals) = postSolution
		SolutionGuid = {B80E765A-C8D1-4C67-AFF1-EBD67CAB63AA}
	EndGlobalSection
EndGlobal
